PODS:
  - Flutter (1.0.0)
  - headset_connection_event (2.0.0):
    - Flutter

DEPENDENCIES:
  - Flutter (from `Flutter`)
  - headset_connection_event (from `.symlinks/plugins/headset_connection_event/ios`)

EXTERNAL SOURCES:
  Flutter:
    :path: Flutter
  headset_connection_event:
    :path: ".symlinks/plugins/headset_connection_event/ios"

SPEC CHECKSUMS:
  Flutter: 434fef37c0980e73bb6479ef766c45957d4b510c
  headset_connection_event: dff00e1ba7463daf6696e764c5b0dddd7bb685b3

PODFILE CHECKSUM: aafe91acc616949ddb318b77800a7f51bffa2a4c

COCOAPODS: 1.9.1
