PODS:
  - Flutter (1.0.0)
  - headset_connection_event (0.0.1):
    - Flutter

DEPENDENCIES:
  - Flutter (from `Flutter`)
  - headset_connection_event (from `.symlinks/plugins/headset_connection_event/ios`)

EXTERNAL SOURCES:
  Flutter:
    :path: Flutter
  headset_connection_event:
    :path: ".symlinks/plugins/headset_connection_event/ios"

SPEC CHECKSUMS:
  Flutter: 434fef37c0980e73bb6479ef766c45957d4b510c
  headset_connection_event: a5a58cead15b3d2473d9c325a239115f67d525ac

PODFILE CHECKSUM: aafe91acc616949ddb318b77800a7f51bffa2a4c

COCOAPODS: 1.10.1
